// !$*UTF8*$!
{
	archiveVersion = 1;
	classes = {
	};
	objectVersion = 56;
	objects = {

/* Begin PBXBuildFile section */
		4574BCAC2B0A2AC800742EF8 /* AppDelegate.swift in Sources */ = {isa = PBXBuildFile; fileRef = 4574BCAB2B0A2AC800742EF8 /* AppDelegate.swift */; };
		4574BCAE2B0A2AC800742EF8 /* SceneDelegate.swift in Sources */ = {isa = PBXBuildFile; fileRef = 4574BCAD2B0A2AC800742EF8 /* SceneDelegate.swift */; };
		4574BCB02B0A2AC800742EF8 /* ViewController.swift in Sources */ = {isa = PBXBuildFile; fileRef = 4574BCAF2B0A2AC800742EF8 /* ViewController.swift */; };
		4574BCB32B0A2AC800742EF8 /* Main.storyboard in Resources */ = {isa = PBXBuildFile; fileRef = 4574BCB12B0A2AC800742EF8 /* Main.storyboard */; };
		4574BCB52B0A2AC900742EF8 /* Assets.xcassets in Resources */ = {isa = PBXBuildFile; fileRef = 4574BCB42B0A2AC900742EF8 /* Assets.xcassets */; };
		4574BCB82B0A2AC900742EF8 /* LaunchScreen.storyboard in Resources */ = {isa = PBXBuildFile; fileRef = 4574BCB62B0A2AC900742EF8 /* LaunchScreen.storyboard */; };
		4574BCC32B0A2AC900742EF8 /* Fi_WoTests.swift in Sources */ = {isa = PBXBuildFile; fileRef = 4574BCC22B0A2AC900742EF8 /* Fi_WoTests.swift */; };
		4574BCCD2B0A2AC900742EF8 /* Fi_WoUITests.swift in Sources */ = {isa = PBXBuildFile; fileRef = 4574BCCC2B0A2AC900742EF8 /* Fi_WoUITests.swift */; };
		4574BCCF2B0A2AC900742EF8 /* Fi_WoUITestsLaunchTests.swift in Sources */ = {isa = PBXBuildFile; fileRef = 4574BCCE2B0A2AC900742EF8 /* Fi_WoUITestsLaunchTests.swift */; };
/* End PBXBuildFile section */

/* Begin PBXContainerItemProxy section */
		4574BCBF2B0A2AC900742EF8 /* PBXContainerItemProxy */ = {
			isa = PBXContainerItemProxy;
			containerPortal = 4574BCA02B0A2AC800742EF8 /* Project object */;
			proxyType = 1;
			remoteGlobalIDString = 4574BCA72B0A2AC800742EF8;
			remoteInfo = "Fi Wo";
		};
		4574BCC92B0A2AC900742EF8 /* PBXContainerItemProxy */ = {
			isa = PBXContainerItemProxy;
			containerPortal = 4574BCA02B0A2AC800742EF8 /* Project object */;
			proxyType = 1;
			remoteGlobalIDString = 4574BCA72B0A2AC800742EF8;
			remoteInfo = "Fi Wo";
		};
/* End PBXContainerItemProxy section */

/* Begin PBXFileReference section */
		4574BCA82B0A2AC800742EF8 /* Fi Wo.app */ = {isa = PBXFileReference; explicitFileType = wrapper.application; includeInIndex = 0; path = "Fi Wo.app"; sourceTree = BUILT_PRODUCTS_DIR; };
		4574BCAB2B0A2AC800742EF8 /* AppDelegate.swift */ = {isa = PBXFileReference; lastKnownFileType = sourcecode.swift; path = AppDelegate.swift; sourceTree = "<group>"; };
		4574BCAD2B0A2AC800742EF8 /* SceneDelegate.swift */ = {isa = PBXFileReference; lastKnownFileType = sourcecode.swift; path = SceneDelegate.swift; sourceTree = "<group>"; };
		4574BCAF2B0A2AC800742EF8 /* ViewController.swift */ = {isa = PBXFileReference; lastKnownFileType = sourcecode.swift; path = ViewController.swift; sourceTree = "<group>"; };
		4574BCB22B0A2AC800742EF8 /* Base */ = {isa = PBXFileReference; lastKnownFileType = file.storyboard; name = Base; path = Base.lproj/Main.storyboard; sourceTree = "<group>"; };
		4574BCB42B0A2AC900742EF8 /* Assets.xcassets */ = {isa = PBXFileReference; lastKnownFileType = folder.assetcatalog; path = Assets.xcassets; sourceTree = "<group>"; };
		4574BCB72B0A2AC900742EF8 /* Base */ = {isa = PBXFileReference; lastKnownFileType = file.storyboard; name = Base; path = Base.lproj/LaunchScreen.storyboard; sourceTree = "<group>"; };
		4574BCB92B0A2AC900742EF8 /* Info.plist */ = {isa = PBXFileReference; lastKnownFileType = text.plist.xml; path = Info.plist; sourceTree = "<group>"; };
		4574BCBE2B0A2AC900742EF8 /* Fi WoTests.xctest */ = {isa = PBXFileReference; explicitFileType = wrapper.cfbundle; includeInIndex = 0; path = "Fi WoTests.xctest"; sourceTree = BUILT_PRODUCTS_DIR; };
		4574BCC22B0A2AC900742EF8 /* Fi_WoTests.swift */ = {isa = PBXFileReference; lastKnownFileType = sourcecode.swift; path = Fi_WoTests.swift; sourceTree = "<group>"; };
		4574BCC82B0A2AC900742EF8 /* Fi WoUITests.xctest */ = {isa = PBXFileReference; explicitFileType = wrapper.cfbundle; includeInIndex = 0; path = "Fi WoUITests.xctest"; sourceTree = BUILT_PRODUCTS_DIR; };
		4574BCCC2B0A2AC900742EF8 /* Fi_WoUITests.swift */ = {isa = PBXFileReference; lastKnownFileType = sourcecode.swift; path = Fi_WoUITests.swift; sourceTree = "<group>"; };
		4574BCCE2B0A2AC900742EF8 /* Fi_WoUITestsLaunchTests.swift */ = {isa = PBXFileReference; lastKnownFileType = sourcecode.swift; path = Fi_WoUITestsLaunchTests.swift; sourceTree = "<group>"; };
/* End PBXFileReference section */

/* Begin PBXFrameworksBuildPhase section */
		4574BCA52B0A2AC800742EF8 /* Frameworks */ = {
			isa = PBXFrameworksBuildPhase;
			buildActionMask = 2147483647;
			files = (
			);
			runOnlyForDeploymentPostprocessing = 0;
		};
		4574BCBB2B0A2AC900742EF8 /* Frameworks */ = {
			isa = PBXFrameworksBuildPhase;
			buildActionMask = 2147483647;
			files = (
			);
			runOnlyForDeploymentPostprocessing = 0;
		};
		4574BCC52B0A2AC900742EF8 /* Frameworks */ = {
			isa = PBXFrameworksBuildPhase;
			buildActionMask = 2147483647;
			files = (
			);
			runOnlyForDeploymentPostprocessing = 0;
		};
/* End PBXFrameworksBuildPhase section */

/* Begin PBXGroup section */
		4574BC9F2B0A2AC800742EF8 = {
			isa = PBXGroup;
			children = (
				4574BCAA2B0A2AC800742EF8 /* Fi Wo */,
				4574BCC12B0A2AC900742EF8 /* Fi WoTests */,
				4574BCCB2B0A2AC900742EF8 /* Fi WoUITests */,
				4574BCA92B0A2AC800742EF8 /* Products */,
			);
			sourceTree = "<group>";
		};
		4574BCA92B0A2AC800742EF8 /* Products */ = {
			isa = PBXGroup;
			children = (
				4574BCA82B0A2AC800742EF8 /* Fi Wo.app */,
				4574BCBE2B0A2AC900742EF8 /* Fi WoTests.xctest */,
				4574BCC82B0A2AC900742EF8 /* Fi WoUITests.xctest */,
			);
			name = Products;
			sourceTree = "<group>";
		};
		4574BCAA2B0A2AC800742EF8 /* Fi Wo */ = {
			isa = PBXGroup;
			children = (
				4574BCAB2B0A2AC800742EF8 /* AppDelegate.swift */,
				4574BCAD2B0A2AC800742EF8 /* SceneDelegate.swift */,
				4574BCAF2B0A2AC800742EF8 /* ViewController.swift */,
				4574BCB12B0A2AC800742EF8 /* Main.storyboard */,
				4574BCB42B0A2AC900742EF8 /* Assets.xcassets */,
				4574BCB62B0A2AC900742EF8 /* LaunchScreen.storyboard */,
				4574BCB92B0A2AC900742EF8 /* Info.plist */,
			);
			path = "Fi Wo";
			sourceTree = "<group>";
		};
		4574BCC12B0A2AC900742EF8 /* Fi WoTests */ = {
			isa = PBXGroup;
			children = (
				4574BCC22B0A2AC900742EF8 /* Fi_WoTests.swift */,
			);
			path = "Fi WoTests";
			sourceTree = "<group>";
		};
		4574BCCB2B0A2AC900742EF8 /* Fi WoUITests */ = {
			isa = PBXGroup;
			children = (
				4574BCCC2B0A2AC900742EF8 /* Fi_WoUITests.swift */,
				4574BCCE2B0A2AC900742EF8 /* Fi_WoUITestsLaunchTests.swift */,
			);
			path = "Fi WoUITests";
			sourceTree = "<group>";
		};
/* End PBXGroup section */

/* Begin PBXNativeTarget section */
		4574BCA72B0A2AC800742EF8 /* Fi Wo */ = {
			isa = PBXNativeTarget;
			buildConfigurationList = 4574BCD22B0A2AC900742EF8 /* Build configuration list for PBXNativeTarget "Fi Wo" */;
			buildPhases = (
				4574BCA42B0A2AC800742EF8 /* Sources */,
				4574BCA52B0A2AC800742EF8 /* Frameworks */,
				4574BCA62B0A2AC800742EF8 /* Resources */,
			);
			buildRules = (
			);
			dependencies = (
			);
			name = "Fi Wo";
			productName = "Fi Wo";
			productReference = 4574BCA82B0A2AC800742EF8 /* Fi Wo.app */;
			productType = "com.apple.product-type.application";
		};
		4574BCBD2B0A2AC900742EF8 /* Fi WoTests */ = {
			isa = PBXNativeTarget;
			buildConfigurationList = 4574BCD52B0A2AC900742EF8 /* Build configuration list for PBXNativeTarget "Fi WoTests" */;
			buildPhases = (
				4574BCBA2B0A2AC900742EF8 /* Sources */,
				4574BCBB2B0A2AC900742EF8 /* Frameworks */,
				4574BCBC2B0A2AC900742EF8 /* Resources */,
			);
			buildRules = (
			);
			dependencies = (
				4574BCC02B0A2AC900742EF8 /* PBXTargetDependency */,
			);
			name = "Fi WoTests";
			productName = "Fi WoTests";
			productReference = 4574BCBE2B0A2AC900742EF8 /* Fi WoTests.xctest */;
			productType = "com.apple.product-type.bundle.unit-test";
		};
		4574BCC72B0A2AC900742EF8 /* Fi WoUITests */ = {
			isa = PBXNativeTarget;
			buildConfigurationList = 4574BCD82B0A2AC900742EF8 /* Build configuration list for PBXNativeTarget "Fi WoUITests" */;
			buildPhases = (
				4574BCC42B0A2AC900742EF8 /* Sources */,
				4574BCC52B0A2AC900742EF8 /* Frameworks */,
				4574BCC62B0A2AC900742EF8 /* Resources */,
			);
			buildRules = (
			);
			dependencies = (
				4574BCCA2B0A2AC900742EF8 /* PBXTargetDependency */,
			);
			name = "Fi WoUITests";
			productName = "Fi WoUITests";
			productReference = 4574BCC82B0A2AC900742EF8 /* Fi WoUITests.xctest */;
			productType = "com.apple.product-type.bundle.ui-testing";
		};
/* End PBXNativeTarget section */

/* Begin PBXProject section */
		4574BCA02B0A2AC800742EF8 /* Project object */ = {
			isa = PBXProject;
			attributes = {
				BuildIndependentTargetsInParallel = 1;
				LastSwiftUpdateCheck = 1500;
				LastUpgradeCheck = 1500;
				TargetAttributes = {
					4574BCA72B0A2AC800742EF8 = {
						CreatedOnToolsVersion = 15.0.1;
					};
					4574BCBD2B0A2AC900742EF8 = {
						CreatedOnToolsVersion = 15.0.1;
						TestTargetID = 4574BCA72B0A2AC800742EF8;
					};
					4574BCC72B0A2AC900742EF8 = {
						CreatedOnToolsVersion = 15.0.1;
						TestTargetID = 4574BCA72B0A2AC800742EF8;
					};
				};
			};
			buildConfigurationList = 4574BCA32B0A2AC800742EF8 /* Build configuration list for PBXProject "Fi Wo" */;
			compatibilityVersion = "Xcode 14.0";
			developmentRegion = en;
			hasScannedForEncodings = 0;
			knownRegions = (
				en,
				Base,
			);
			mainGroup = 4574BC9F2B0A2AC800742EF8;
			productRefGroup = 4574BCA92B0A2AC800742EF8 /* Products */;
			projectDirPath = "";
			projectRoot = "";
			targets = (
				4574BCA72B0A2AC800742EF8 /* Fi Wo */,
				4574BCBD2B0A2AC900742EF8 /* Fi WoTests */,
				4574BCC72B0A2AC900742EF8 /* Fi WoUITests */,
			);
		};
/* End PBXProject section */

/* Begin PBXResourcesBuildPhase section */
		4574BCA62B0A2AC800742EF8 /* Resources */ = {
			isa = PBXResourcesBuildPhase;
			buildActionMask = 2147483647;
			files = (
				4574BCB82B0A2AC900742EF8 /* LaunchScreen.storyboard in Resources */,
				4574BCB52B0A2AC900742EF8 /* Assets.xcassets in Resources */,
				4574BCB32B0A2AC800742EF8 /* Main.storyboard in Resources */,
			);
			runOnlyForDeploymentPostprocessing = 0;
		};
		4574BCBC2B0A2AC900742EF8 /* Resources */ = {
			isa = PBXResourcesBuildPhase;
			buildActionMask = 2147483647;
			files = (
			);
			runOnlyForDeploymentPostprocessing = 0;
		};
		4574BCC62B0A2AC900742EF8 /* Resources */ = {
			isa = PBXResourcesBuildPhase;
			buildActionMask = 2147483647;
			files = (
			);
			runOnlyForDeploymentPostprocessing = 0;
		};
/* End PBXResourcesBuildPhase section */

/* Begin PBXSourcesBuildPhase section */
		4574BCA42B0A2AC800742EF8 /* Sources */ = {
			isa = PBXSourcesBuildPhase;
			buildActionMask = 2147483647;
			files = (
				4574BCB02B0A2AC800742EF8 /* ViewController.swift in Sources */,
				4574BCAC2B0A2AC800742EF8 /* AppDelegate.swift in Sources */,
				4574BCAE2B0A2AC800742EF8 /* SceneDelegate.swift in Sources */,
			);
			runOnlyForDeploymentPostprocessing = 0;
		};
		4574BCBA2B0A2AC900742EF8 /* Sources */ = {
			isa = PBXSourcesBuildPhase;
			buildActionMask = 2147483647;
			files = (
				4574BCC32B0A2AC900742EF8 /* Fi_WoTests.swift in Sources */,
			);
			runOnlyForDeploymentPostprocessing = 0;
		};
		4574BCC42B0A2AC900742EF8 /* Sources */ = {
			isa = PBXSourcesBuildPhase;
			buildActionMask = 2147483647;
			files = (
				4574BCCD2B0A2AC900742EF8 /* Fi_WoUITests.swift in Sources */,
				4574BCCF2B0A2AC900742EF8 /* Fi_WoUITestsLaunchTests.swift in Sources */,
			);
			runOnlyForDeploymentPostprocessing = 0;
		};
/* End PBXSourcesBuildPhase section */

/* Begin PBXTargetDependency section */
		4574BCC02B0A2AC900742EF8 /* PBXTargetDependency */ = {
			isa = PBXTargetDependency;
			target = 4574BCA72B0A2AC800742EF8 /* Fi Wo */;
			targetProxy = 4574BCBF2B0A2AC900742EF8 /* PBXContainerItemProxy */;
		};
		4574BCCA2B0A2AC900742EF8 /* PBXTargetDependency */ = {
			isa = PBXTargetDependency;
			target = 4574BCA72B0A2AC800742EF8 /* Fi Wo */;
			targetProxy = 4574BCC92B0A2AC900742EF8 /* PBXContainerItemProxy */;
		};
/* End PBXTargetDependency section */

/* Begin PBXVariantGroup section */
		4574BCB12B0A2AC800742EF8 /* Main.storyboard */ = {
			isa = PBXVariantGroup;
			children = (
				4574BCB22B0A2AC800742EF8 /* Base */,
			);
			name = Main.storyboard;
			sourceTree = "<group>";
		};
		4574BCB62B0A2AC900742EF8 /* LaunchScreen.storyboard */ = {
			isa = PBXVariantGroup;
			children = (
				4574BCB72B0A2AC900742EF8 /* Base */,
			);
			name = LaunchScreen.storyboard;
			sourceTree = "<group>";
		};
/* End PBXVariantGroup section */

/* Begin XCBuildConfiguration section */
		4574BCD02B0A2AC900742EF8 /* Debug */ = {
			isa = XCBuildConfiguration;
			buildSettings = {
				ALWAYS_SEARCH_USER_PATHS = NO;
				ASSETCATALOG_COMPILER_GENERATE_SWIFT_ASSET_SYMBOL_EXTENSIONS = YES;
				CLANG_ANALYZER_NONNULL = YES;
				CLANG_ANALYZER_NUMBER_OBJECT_CONVERSION = YES_AGGRESSIVE;
				CLANG_CXX_LANGUAGE_STANDARD = "gnu++20";
				CLANG_ENABLE_MODULES = YES;
				CLANG_ENABLE_OBJC_ARC = YES;
				CLANG_ENABLE_OBJC_WEAK = YES;
				CLANG_WARN_BLOCK_CAPTURE_AUTORELEASING = YES;
				CLANG_WARN_BOOL_CONVERSION = YES;
				CLANG_WARN_COMMA = YES;
				CLANG_WARN_CONSTANT_CONVERSION = YES;
				CLANG_WARN_DEPRECATED_OBJC_IMPLEMENTATIONS = YES;
				CLANG_WARN_DIRECT_OBJC_ISA_USAGE = YES_ERROR;
				CLANG_WARN_DOCUMENTATION_COMMENTS = YES;
				CLANG_WARN_EMPTY_BODY = YES;
				CLANG_WARN_ENUM_CONVERSION = YES;
				CLANG_WARN_INFINITE_RECURSION = YES;
				CLANG_WARN_INT_CONVERSION = YES;
				CLANG_WARN_NON_LITERAL_NULL_CONVERSION = YES;
				CLANG_WARN_OBJC_IMPLICIT_RETAIN_SELF = YES;
				CLANG_WARN_OBJC_LITERAL_CONVERSION = YES;
				CLANG_WARN_OBJC_ROOT_CLASS = YES_ERROR;
				CLANG_WARN_QUOTED_INCLUDE_IN_FRAMEWORK_HEADER = YES;
				CLANG_WARN_RANGE_LOOP_ANALYSIS = YES;
				CLANG_WARN_STRICT_PROTOTYPES = YES;
				CLANG_WARN_SUSPICIOUS_MOVE = YES;
				CLANG_WARN_UNGUARDED_AVAILABILITY = YES_AGGRESSIVE;
				CLANG_WARN_UNREACHABLE_CODE = YES;
				CLANG_WARN__DUPLICATE_METHOD_MATCH = YES;
				COPY_PHASE_STRIP = NO;
				DEBUG_INFORMATION_FORMAT = dwarf;
				ENABLE_STRICT_OBJC_MSGSEND = YES;
				ENABLE_TESTABILITY = YES;
				ENABLE_USER_SCRIPT_SANDBOXING = YES;
				GCC_C_LANGUAGE_STANDARD = gnu17;
				GCC_DYNAMIC_NO_PIC = NO;
				GCC_NO_COMMON_BLOCKS = YES;
				GCC_OPTIMIZATION_LEVEL = 0;
				GCC_PREPROCESSOR_DEFINITIONS = (
					"DEBUG=1",
					"$(inherited)",
				);
				GCC_WARN_64_TO_32_BIT_CONVERSION = YES;
				GCC_WARN_ABOUT_RETURN_TYPE = YES_ERROR;
				GCC_WARN_UNDECLARED_SELECTOR = YES;
				GCC_WARN_UNINITIALIZED_AUTOS = YES_AGGRESSIVE;
				GCC_WARN_UNUSED_FUNCTION = YES;
				GCC_WARN_UNUSED_VARIABLE = YES;
				IPHONEOS_DEPLOYMENT_TARGET = 17.0;
				LOCALIZATION_PREFERS_STRING_CATALOGS = YES;
				MTL_ENABLE_DEBUG_INFO = INCLUDE_SOURCE;
				MTL_FAST_MATH = YES;
				ONLY_ACTIVE_ARCH = YES;
				SDKROOT = iphoneos;
				SWIFT_ACTIVE_COMPILATION_CONDITIONS = "DEBUG $(inherited)";
				SWIFT_OPTIMIZATION_LEVEL = "-Onone";
			};
			name = Debug;
		};
		4574BCD12B0A2AC900742EF8 /* Release */ = {
			isa = XCBuildConfiguration;
			buildSettings = {
				ALWAYS_SEARCH_USER_PATHS = NO;
				ASSETCATALOG_COMPILER_GENERATE_SWIFT_ASSET_SYMBOL_EXTENSIONS = YES;
				CLANG_ANALYZER_NONNULL = YES;
				CLANG_ANALYZER_NUMBER_OBJECT_CONVERSION = YES_AGGRESSIVE;
				CLANG_CXX_LANGUAGE_STANDARD = "gnu++20";
				CLANG_ENABLE_MODULES = YES;
				CLANG_ENABLE_OBJC_ARC = YES;
				CLANG_ENABLE_OBJC_WEAK = YES;
				CLANG_WARN_BLOCK_CAPTURE_AUTORELEASING = YES;
				CLANG_WARN_BOOL_CONVERSION = YES;
				CLANG_WARN_COMMA = YES;
				CLANG_WARN_CONSTANT_CONVERSION = YES;
				CLANG_WARN_DEPRECATED_OBJC_IMPLEMENTATIONS = YES;
				CLANG_WARN_DIRECT_OBJC_ISA_USAGE = YES_ERROR;
				CLANG_WARN_DOCUMENTATION_COMMENTS = YES;
				CLANG_WARN_EMPTY_BODY = YES;
				CLANG_WARN_ENUM_CONVERSION = YES;
				CLANG_WARN_INFINITE_RECURSION = YES;
				CLANG_WARN_INT_CONVERSION = YES;
				CLANG_WARN_NON_LITERAL_NULL_CONVERSION = YES;
				CLANG_WARN_OBJC_IMPLICIT_RETAIN_SELF = YES;
				CLANG_WARN_OBJC_LITERAL_CONVERSION = YES;
				CLANG_WARN_OBJC_ROOT_CLASS = YES_ERROR;
				CLANG_WARN_QUOTED_INCLUDE_IN_FRAMEWORK_HEADER = YES;
				CLANG_WARN_RANGE_LOOP_ANALYSIS = YES;
				CLANG_WARN_STRICT_PROTOTYPES = YES;
				CLANG_WARN_SUSPICIOUS_MOVE = YES;
				CLANG_WARN_UNGUARDED_AVAILABILITY = YES_AGGRESSIVE;
				CLANG_WARN_UNREACHABLE_CODE = YES;
				CLANG_WARN__DUPLICATE_METHOD_MATCH = YES;
				COPY_PHASE_STRIP = NO;
				DEBUG_INFORMATION_FORMAT = "dwarf-with-dsym";
				ENABLE_NS_ASSERTIONS = NO;
				ENABLE_STRICT_OBJC_MSGSEND = YES;
				ENABLE_USER_SCRIPT_SANDBOXING = YES;
				GCC_C_LANGUAGE_STANDARD = gnu17;
				GCC_NO_COMMON_BLOCKS = YES;
				GCC_WARN_64_TO_32_BIT_CONVERSION = YES;
				GCC_WARN_ABOUT_RETURN_TYPE = YES_ERROR;
				GCC_WARN_UNDECLARED_SELECTOR = YES;
				GCC_WARN_UNINITIALIZED_AUTOS = YES_AGGRESSIVE;
				GCC_WARN_UNUSED_FUNCTION = YES;
				GCC_WARN_UNUSED_VARIABLE = YES;
				IPHONEOS_DEPLOYMENT_TARGET = 17.0;
				LOCALIZATION_PREFERS_STRING_CATALOGS = YES;
				MTL_ENABLE_DEBUG_INFO = NO;
				MTL_FAST_MATH = YES;
				SDKROOT = iphoneos;
				SWIFT_COMPILATION_MODE = wholemodule;
				VALIDATE_PRODUCT = YES;
			};
			name = Release;
		};
		4574BCD32B0A2AC900742EF8 /* Debug */ = {
			isa = XCBuildConfiguration;
			buildSettings = {
				ASSETCATALOG_COMPILER_APPICON_NAME = AppIcon;
				ASSETCATALOG_COMPILER_GLOBAL_ACCENT_COLOR_NAME = AccentColor;
				CODE_SIGN_STYLE = Automatic;
				CURRENT_PROJECT_VERSION = 1;
				DEVELOPMENT_TEAM = A6RAK7H465;
				GENERATE_INFOPLIST_FILE = YES;
				INFOPLIST_FILE = "Fi Wo/Info.plist";
				INFOPLIST_KEY_UIApplicationSupportsIndirectInputEvents = YES;
				INFOPLIST_KEY_UILaunchStoryboardName = LaunchScreen;
				INFOPLIST_KEY_UIMainStoryboardFile = Main;
				INFOPLIST_KEY_UISupportedInterfaceOrientations_iPad = "UIInterfaceOrientationPortrait UIInterfaceOrientationPortraitUpsideDown UIInterfaceOrientationLandscapeLeft UIInterfaceOrientationLandscapeRight";
				INFOPLIST_KEY_UISupportedInterfaceOrientations_iPhone = "UIInterfaceOrientationPortrait UIInterfaceOrientationLandscapeLeft UIInterfaceOrientationLandscapeRight";
				LD_RUNPATH_SEARCH_PATHS = (
					"$(inherited)",
					"@executable_path/Frameworks",
				);
				MARKETING_VERSION = 1.0;
				PRODUCT_BUNDLE_IDENTIFIER = "com.berkaysazak.Fi-Wo";
				PRODUCT_NAME = "$(TARGET_NAME)";
				SWIFT_EMIT_LOC_STRINGS = YES;
				SWIFT_VERSION = 5.0;
				TARGETED_DEVICE_FAMILY = "1,2";
			};
			name = Debug;
		};
		4574BCD42B0A2AC900742EF8 /* Release */ = {
			isa = XCBuildConfiguration;
			buildSettings = {
				ASSETCATALOG_COMPILER_APPICON_NAME = AppIcon;
				ASSETCATALOG_COMPILER_GLOBAL_ACCENT_COLOR_NAME = AccentColor;
				CODE_SIGN_STYLE = Automatic;
				CURRENT_PROJECT_VERSION = 1;
				DEVELOPMENT_TEAM = A6RAK7H465;
				GENERATE_INFOPLIST_FILE = YES;
				INFOPLIST_FILE = "Fi Wo/Info.plist";
				INFOPLIST_KEY_UIApplicationSupportsIndirectInputEvents = YES;
				INFOPLIST_KEY_UILaunchStoryboardName = LaunchScreen;
				INFOPLIST_KEY_UIMainStoryboardFile = Main;
				INFOPLIST_KEY_UISupportedInterfaceOrientations_iPad = "UIInterfaceOrientationPortrait UIInterfaceOrientationPortraitUpsideDown UIInterfaceOrientationLandscapeLeft UIInterfaceOrientationLandscapeRight";
				INFOPLIST_KEY_UISupportedInterfaceOrientations_iPhone = "UIInterfaceOrientationPortrait UIInterfaceOrientationLandscapeLeft UIInterfaceOrientationLandscapeRight";
				LD_RUNPATH_SEARCH_PATHS = (
					"$(inherited)",
					"@executable_path/Frameworks",
				);
				MARKETING_VERSION = 1.0;
				PRODUCT_BUNDLE_IDENTIFIER = "com.berkaysazak.Fi-Wo";
				PRODUCT_NAME = "$(TARGET_NAME)";
				SWIFT_EMIT_LOC_STRINGS = YES;
				SWIFT_VERSION = 5.0;
				TARGETED_DEVICE_FAMILY = "1,2";
			};
			name = Release;
		};
		4574BCD62B0A2AC900742EF8 /* Debug */ = {
			isa = XCBuildConfiguration;
			buildSettings = {
				ALWAYS_EMBED_SWIFT_STANDARD_LIBRARIES = YES;
				BUNDLE_LOADER = "$(TEST_HOST)";
				CODE_SIGN_STYLE = Automatic;
				CURRENT_PROJECT_VERSION = 1;
				DEVELOPMENT_TEAM = A6RAK7H465;
				GENERATE_INFOPLIST_FILE = YES;
				IPHONEOS_DEPLOYMENT_TARGET = 17.0;
				MARKETING_VERSION = 1.0;
				PRODUCT_BUNDLE_IDENTIFIER = "com.berkaysazak.Fi-WoTests";
				PRODUCT_NAME = "$(TARGET_NAME)";
				SWIFT_EMIT_LOC_STRINGS = NO;
				SWIFT_VERSION = 5.0;
				TARGETED_DEVICE_FAMILY = "1,2";
				TEST_HOST = "$(BUILT_PRODUCTS_DIR)/Fi Wo.app/$(BUNDLE_EXECUTABLE_FOLDER_PATH)/Fi Wo";
			};
			name = Debug;
		};
		4574BCD72B0A2AC900742EF8 /* Release */ = {
			isa = XCBuildConfiguration;
			buildSettings = {
				ALWAYS_EMBED_SWIFT_STANDARD_LIBRARIES = YES;
				BUNDLE_LOADER = "$(TEST_HOST)";
				CODE_SIGN_STYLE = Automatic;
				CURRENT_PROJECT_VERSION = 1;
				DEVELOPMENT_TEAM = A6RAK7H465;
				GENERATE_INFOPLIST_FILE = YES;
				IPHONEOS_DEPLOYMENT_TARGET = 17.0;
				MARKETING_VERSION = 1.0;
				PRODUCT_BUNDLE_IDENTIFIER = "com.berkaysazak.Fi-WoTests";
				PRODUCT_NAME = "$(TARGET_NAME)";
				SWIFT_EMIT_LOC_STRINGS = NO;
				SWIFT_VERSION = 5.0;
				TARGETED_DEVICE_FAMILY = "1,2";
				TEST_HOST = "$(BUILT_PRODUCTS_DIR)/Fi Wo.app/$(BUNDLE_EXECUTABLE_FOLDER_PATH)/Fi Wo";
			};
			name = Release;
		};
		4574BCD92B0A2AC900742EF8 /* Debug */ = {
			isa = XCBuildConfiguration;
			buildSettings = {
				ALWAYS_EMBED_SWIFT_STANDARD_LIBRARIES = YES;
				CODE_SIGN_STYLE = Automatic;
				CURRENT_PROJECT_VERSION = 1;
				DEVELOPMENT_TEAM = A6RAK7H465;
				GENERATE_INFOPLIST_FILE = YES;
				MARKETING_VERSION = 1.0;
				PRODUCT_BUNDLE_IDENTIFIER = "com.berkaysazak.Fi-WoUITests";
				PRODUCT_NAME = "$(TARGET_NAME)";
				SWIFT_EMIT_LOC_STRINGS = NO;
				SWIFT_VERSION = 5.0;
				TARGETED_DEVICE_FAMILY = "1,2";
				TEST_TARGET_NAME = "Fi Wo";
			};
			name = Debug;
		};
		4574BCDA2B0A2AC900742EF8 /* Release */ = {
			isa = XCBuildConfiguration;
			buildSettings = {
				ALWAYS_EMBED_SWIFT_STANDARD_LIBRARIES = YES;
				CODE_SIGN_STYLE = Automatic;
				CURRENT_PROJECT_VERSION = 1;
				DEVELOPMENT_TEAM = A6RAK7H465;
				GENERATE_INFOPLIST_FILE = YES;
				MARKETING_VERSION = 1.0;
				PRODUCT_BUNDLE_IDENTIFIER = "com.berkaysazak.Fi-WoUITests";
				PRODUCT_NAME = "$(TARGET_NAME)";
				SWIFT_EMIT_LOC_STRINGS = NO;
				SWIFT_VERSION = 5.0;
				TARGETED_DEVICE_FAMILY = "1,2";
				TEST_TARGET_NAME = "Fi Wo";
			};
			name = Release;
		};
/* End XCBuildConfiguration section */

/* Begin XCConfigurationList section */
		4574BCA32B0A2AC800742EF8 /* Build configuration list for PBXProject "Fi Wo" */ = {
			isa = XCConfigurationList;
			buildConfigurations = (
				4574BCD02B0A2AC900742EF8 /* Debug */,
				4574BCD12B0A2AC900742EF8 /* Release */,
			);
			defaultConfigurationIsVisible = 0;
			defaultConfigurationName = Release;
		};
		4574BCD22B0A2AC900742EF8 /* Build configuration list for PBXNativeTarget "Fi Wo" */ = {
			isa = XCConfigurationList;
			buildConfigurations = (
				4574BCD32B0A2AC900742EF8 /* Debug */,
				4574BCD42B0A2AC900742EF8 /* Release */,
			);
			defaultConfigurationIsVisible = 0;
			defaultConfigurationName = Release;
		};
		4574BCD52B0A2AC900742EF8 /* Build configuration list for PBXNativeTarget "Fi WoTests" */ = {
			isa = XCConfigurationList;
			buildConfigurations = (
				4574BCD62B0A2AC900742EF8 /* Debug */,
				4574BCD72B0A2AC900742EF8 /* Release */,
			);
			defaultConfigurationIsVisible = 0;
			defaultConfigurationName = Release;
		};
		4574BCD82B0A2AC900742EF8 /* Build configuration list for PBXNativeTarget "Fi WoUITests" */ = {
			isa = XCConfigurationList;
			buildConfigurations = (
				4574BCD92B0A2AC900742EF8 /* Debug */,
				4574BCDA2B0A2AC900742EF8 /* Release */,
			);
			defaultConfigurationIsVisible = 0;
			defaultConfigurationName = Release;
		};
/* End XCConfigurationList section */
	};
	rootObject = 4574BCA02B0A2AC800742EF8 /* Project object */;
}
